<?xml version="1.0" encoding="utf-8"?>
<Project ToolsVersion="4.0" xmlns="http://schemas.microsoft.com/developer/msbuild/2003">
  <ItemGroup>
    <Filter Include="Source Files">
      <UniqueIdentifier>{4FC737F1-C7A5-4376-A066-2A32D752A2FF}</UniqueIdentifier>
      <Extensions>cpp;c;cc;cxx;def;odl;idl;hpj;bat;asm;asmx</Extensions>
    </Filter>
    <Filter Include="Header Files">
      <UniqueIdentifier>{93995380-89BD-4b04-88EB-625FBE52EBFB}</UniqueIdentifier>
      <Extensions>h;hpp;hxx;hm;inl;inc;xsd</Extensions>
    </Filter>
    <Filter Include="Resource Files">
      <UniqueIdentifier>{67DA6AB6-F800-4c08-8B7A-83BB121AAD01}</UniqueIdentifier>
      <Extensions>rc;ico;cur;bmp;dlg;rc2;rct;bin;rgs;gif;jpg;jpeg;jpe;resx;tiff;tif;png;wav;mfcribbon-ms</Extensions>
    </Filter>
  </ItemGroup>
  <ItemGroup>
    <ClCompile Include="AssemblyInfo.cpp">
      <Filter>Source Files</Filter>
    </ClCompile>
    <ClCompile Include="SMRuntime.cpp">
      <Filter>Source Files</Filter>
    </ClCompile>
    <ClCompile Include="SMContext.cpp">
      <Filter>Source Files</Filter>
    </ClCompile>
    <ClCompile Include="SMScript.cpp">
      <Filter>Source Files</Filter>
    </ClCompile>
    <ClCompile Include="Interop.cpp">
      <Filter>Source Files</Filter>
    </ClCompile>
    <ClCompile Include="SMPrototype.cpp">
      <Filter>Source Files</Filter>
    </ClCompile>
    <ClCompile Include="TypeInfo.cpp">
      <Filter>Source Files</Filter>
    </ClCompile>
    <ClCompile Include="stdafx.cpp">
      <Filter>Source Files</Filter>
    </ClCompile>
    <ClCompile Include="SMFunction.cpp">
      <Filter>Source Files</Filter>
    </ClCompile>
    <ClCompile Include="SMBinder.cpp">
      <Filter>Source Files</Filter>
    </ClCompile>
    <ClCompile Include="SMInstance.cpp">
      <Filter>Source Files</Filter>
    </ClCompile>
    <ClCompile Include="SMEnumerator.cpp">
      <Filter>Source Files</Filter>
    </ClCompile>
  </ItemGroup>
  <ItemGroup>
    <ClInclude Include="stdafx.h">
      <Filter>Header Files</Filter>
    </ClInclude>
    <ClInclude Include="SMRuntime.h">
      <Filter>Header Files</Filter>
    </ClInclude>
    <ClInclude Include="SMContext.h">
      <Filter>Header Files</Filter>
    </ClInclude>
    <ClInclude Include="SMScript.h">
      <Filter>Header Files</Filter>
    </ClInclude>
    <ClInclude Include="Interop.h">
      <Filter>Header Files</Filter>
    </ClInclude>
    <ClInclude Include="SMPrototype.h">
      <Filter>Header Files</Filter>
    </ClInclude>
    <ClInclude Include="Delegates.h">
      <Filter>Header Files</Filter>
    </ClInclude>
    <ClInclude Include="TypeInfo.h">
      <Filter>Header Files</Filter>
    </ClInclude>
    <ClInclude Include="SMHashtable.h">
      <Filter>Header Files</Filter>
    </ClInclude>
    <ClInclude Include="Attributes.h">
      <Filter>Header Files</Filter>
    </ClInclude>
    <ClInclude Include="SMEvent.h">
      <Filter>Header Files</Filter>
    </ClInclude>
    <ClInclude Include="SMErrorReport.h">
      <Filter>Header Files</Filter>
    </ClInclude>
    <ClInclude Include="SMMemberInfo.h">
      <Filter>Header Files</Filter>
    </ClInclude>
    <ClInclude Include="SMFunction.h">
      <Filter>Header Files</Filter>
    </ClInclude>
    <ClInclude Include="SMBinder.h">
      <Filter>Header Files</Filter>
    </ClInclude>
    <ClInclude Include="SMInstance.h">
      <Filter>Header Files</Filter>
    </ClInclude>
    <ClInclude Include="SMEnumerator.h">
      <Filter>Header Files</Filter>
    </ClInclude>
    <ClInclude Include="ISMDynamic.h">
      <Filter>Header Files</Filter>
    </ClInclude>
  </ItemGroup>
</Project>